// !$*UTF8*$!
{
 archiveVersion = 1;
 classes = { };
 objectVersion = 56;
 objects = {
  111111111111111111111111 /* SequenceIQApp.swift */ = {isa = PBXFileReference; lastKnownFileType = sourcecode.swift; path = SequenceIQApp.swift; sourceTree = "<group>";};
  222222222222222222222222 /* GameModels.swift */ = {isa = PBXFileReference; lastKnownFileType = sourcecode.swift; path = Model/GameModels.swift; sourceTree = "<group>";};
  333333333333333333333333 /* NavigationViews.swift */ = {isa = PBXFileReference; lastKnownFileType = sourcecode.swift; path = View/NavigationViews.swift; sourceTree = "<group>";};
  444444444444444444444444 /* GameplayViews.swift */ = {isa = PBXFileReference; lastKnownFileType = sourcecode.swift; path = View/GameplayViews.swift; sourceTree = "<group>";};
  555555555555555555555555 /* SecondaryViews.swift */ = {isa = PBXFileReference; lastKnownFileType = sourcecode.swift; path = View/SecondaryViews.swift; sourceTree = "<group>";};
  666666666666666666666666 /* Info.plist */ = {isa = PBXFileReference; lastKnownFileType = text.plist.xml; path = Info.plist; sourceTree = "<group>";};
  888888888888888888888888 /* Puzzles.txt */ = {isa = PBXFileReference; lastKnownFileType = text; path = Puzzles.txt; sourceTree = "<group>";};
  777777777777777777777777 /* SequenceIQ.app */ = {isa = PBXFileReference; explicitFileType = wrapper.application; includeInIndex = 0; path = "Sequence IQ.app"; sourceTree = BUILT_PRODUCTS_DIR;};
  A111111111111111111111111 = {isa = PBXBuildFile; fileRef = 111111111111111111111111;}; A222222222222222222222222 = {isa = PBXBuildFile; fileRef = 222222222222222222222222;}; A333333333333333333333333 = {isa = PBXBuildFile; fileRef = 333333333333333333333333;}; A444444444444444444444444 = {isa = PBXBuildFile; fileRef = 444444444444444444444444;}; A555555555555555555555555 = {isa = PBXBuildFile; fileRef = 555555555555555555555555;}; A666666666666666666666666 = {isa = PBXBuildFile; fileRef = 888888888888888888888888;};
  B111111111111111111111111 = {isa = PBXGroup; children = (111111111111111111111111,222222222222222222222222,333333333333333333333333,444444444444444444444444,555555555555555555555555,666666666666666666666666,888888888888888888888888); path = .; sourceTree = "<group>";};
  B222222222222222222222222 = {isa = PBXGroup; children = (B111111111111111111111111); sourceTree = "<group>";}; B333333333333333333333333 = {isa = PBXGroup; children = (777777777777777777777777); name = Products; sourceTree = "<group>";};
  C111111111111111111111111 = {isa = PBXSourcesBuildPhase; buildActionMask = 2147483647; files = (A111111111111111111111111,A222222222222222222222222,A333333333333333333333333,A444444444444444444444444,A555555555555555555555555); runOnlyForDeploymentPostprocessing = 0;}; C222222222222222222222222 = {isa = PBXResourcesBuildPhase; buildActionMask = 2147483647; files = (A666666666666666666666666); runOnlyForDeploymentPostprocessing = 0;}; C333333333333333333333333 = {isa = PBXFrameworksBuildPhase; buildActionMask = 2147483647; files = (); runOnlyForDeploymentPostprocessing = 0;};
  D111111111111111111111111 = {isa = PBXNativeTarget; buildConfigurationList = D333333333333333333333333; buildPhases = (C111111111111111111111111,C333333333333333333333333,C222222222222222222222222); buildRules = (); dependencies = (); name = "Sequence IQ"; productName = "Sequence IQ"; productReference = 777777777777777777777777; productType = "com.apple.product-type.application";};
  D222222222222222222222222 = {isa = PBXProject; attributes = {LastSwiftUpdateCheck = 1600; LastUpgradeCheck = 1600; TargetAttributes = {D111111111111111111111111 = {CreatedOnToolsVersion = 16.0;};};}; buildConfigurationList = D444444444444444444444444; compatibilityVersion = "Xcode 14.0"; developmentRegion = en; hasScannedForEncodings = 0; knownRegions = (en); mainGroup = B222222222222222222222222; productRefGroup = B333333333333333333333333; projectDirPath = ""; projectRoot = ""; targets = (D111111111111111111111111);}; D333333333333333333333333 = {isa = XCConfigurationList; buildConfigurations = (E111111111111111111111111,E222222222222222222222222); defaultConfigurationIsVisible = 0; defaultConfigurationName = Release;}; D444444444444444444444444 = {isa = XCConfigurationList; buildConfigurations = (E333333333333333333333333,E444444444444444444444444); defaultConfigurationIsVisible = 0; defaultConfigurationName = Release;};
  E111111111111111111111111 = {isa = XCBuildConfiguration; buildSettings = {CODE_SIGN_STYLE = Automatic; CURRENT_PROJECT_VERSION = 1; GENERATE_INFOPLIST_FILE = NO; INFOPLIST_FILE = Info.plist; IPHONEOS_DEPLOYMENT_TARGET = 16.0; LD_RUNPATH_SEARCH_PATHS = "$(inherited) @executable_path/Frameworks"; PRODUCT_BUNDLE_IDENTIFIER = com.hindtechgroup.sequenceiq; PRODUCT_NAME = "$(TARGET_NAME)"; SWIFT_VERSION = 5.0; TARGETED_DEVICE_FAMILY = "1,2";}; name = Debug;}; E222222222222222222222222 = {isa = XCBuildConfiguration; buildSettings = {CODE_SIGN_STYLE = Automatic; CURRENT_PROJECT_VERSION = 1; GENERATE_INFOPLIST_FILE = NO; INFOPLIST_FILE = Info.plist; IPHONEOS_DEPLOYMENT_TARGET = 16.0; LD_RUNPATH_SEARCH_PATHS = "$(inherited) @executable_path/Frameworks"; PRODUCT_BUNDLE_IDENTIFIER = com.hindtechgroup.sequenceiq; PRODUCT_NAME = "$(TARGET_NAME)"; SWIFT_OPTIMIZATION_LEVEL = "-O"; SWIFT_VERSION = 5.0; TARGETED_DEVICE_FAMILY = "1,2";}; name = Release;}; E333333333333333333333333 = {isa = XCBuildConfiguration; buildSettings = {ALWAYS_SEARCH_USER_PATHS = NO; CLANG_ENABLE_MODULES = YES; SWIFT_VERSION = 5.0;}; name = Debug;}; E444444444444444444444444 = {isa = XCBuildConfiguration; buildSettings = {ALWAYS_SEARCH_USER_PATHS = NO; CLANG_ENABLE_MODULES = YES; SWIFT_VERSION = 5.0;}; name = Release;};
 };
 rootObject = D222222222222222222222222;
}
